
Microsoft Visual Studio Solution File, Format Version 12.00
# Visual Studio Version 17
VisualStudioVersion = 17.13.35825.156
MinimumVisualStudioVersion = 10.0.40219.1
Project("{2150E333-8FDC-42A3-9474-1A3956D46DE8}") = "FrontEnd", "FrontEnd", "{02EA681E-C7D8-13C7-8484-4AC65E1B71E8}"
EndProject
Project("{2150E333-8FDC-42A3-9474-1A3956D46DE8}") = "GateWay", "GateWay", "{329F666D-A21E-4632-A6F6-BB35DB4AE296}"
EndProject
Project("{2150E333-8FDC-42A3-9474-1A3956D46DE8}") = "Integration", "Integration", "{7096B6F3-554B-484D-82FF-002869C4A9D3}"
EndProject
Project("{2150E333-8FDC-42A3-9474-1A3956D46DE8}") = "Services", "Services", "{18A8B6CD-2094-4C11-8531-7B7FB5F45541}"
EndProject
Project("{FAE04EC0-301F-11D3-BF4B-00C04F79EFBC}") = "Mango.Services.CouponAPI", "Mango.Services.CouponAPI\Mango.Services.CouponAPI.csproj", "{6CFB57EA-7896-4B5B-B1D2-DAA154BDBB16}"
EndProject
Project("{FAE04EC0-301F-11D3-BF4B-00C04F79EFBC}") = "Mango.Web", "Mango.Web\Mango.Web.csproj", "{A1200655-06D4-4720-953B-86097FDC5C46}"
EndProject
Project("{FAE04EC0-301F-11D3-BF4B-00C04F79EFBC}") = "Mango.Services.AuthAPI", "Mango.Services.AuthAPI\Mango.Services.AuthAPI.csproj", "{92561C78-437E-45D1-89F1-B32932A3A3C6}"
EndProject
Project("{FAE04EC0-301F-11D3-BF4B-00C04F79EFBC}") = "Mango.Services.ProductAPI", "Mango.Services.ProductAPI\Mango.Services.ProductAPI.csproj", "{D86C6D2D-8D5B-45F6-B96D-710E1997548D}"
EndProject
Project("{FAE04EC0-301F-11D3-BF4B-00C04F79EFBC}") = "Mango.Services.ShoppingCartAPI", "Mango.Services.ShoppingCartAPI\Mango.Services.ShoppingCartAPI.csproj", "{55B988C3-8167-4E68-A124-43731C37E7D2}"
EndProject
Project("{FAE04EC0-301F-11D3-BF4B-00C04F79EFBC}") = "Mango.MessageBus", "Mango.MessageBus\Mango.MessageBus.csproj", "{DA3E740C-8613-40F7-9E35-156402C2A238}"
EndProject
Project("{FAE04EC0-301F-11D3-BF4B-00C04F79EFBC}") = "Mango.Services.EmailAPI", "Mango.Services.EmailAPI\Mango.Services.EmailAPI.csproj", "{638CED05-B3BD-4161-99CC-1FF5DDFA4F8F}"
EndProject
Project("{FAE04EC0-301F-11D3-BF4B-00C04F79EFBC}") = "Mango.Services.OrderAPI", "Mango.Services.OrderAPI\Mango.Services.OrderAPI.csproj", "{6347840B-6B17-43E2-BF4D-00EA6BEFD5FF}"
EndProject
Project("{FAE04EC0-301F-11D3-BF4B-00C04F79EFBC}") = "Mango.Services.RewardAPI", "Mango.Services.RewardAPI\Mango.Services.RewardAPI.csproj", "{BD3A756A-733C-4794-B724-0D5BC517B611}"
EndProject
Project("{FAE04EC0-301F-11D3-BF4B-00C04F79EFBC}") = "Mango.GatewaySolution", "Mango.GatewaySolution\Mango.GatewaySolution.csproj", "{402C564C-CE49-48CB-B229-408465C5F853}"
EndProject
Global
	GlobalSection(SolutionConfigurationPlatforms) = preSolution
		Debug|Any CPU = Debug|Any CPU
		Release|Any CPU = Release|Any CPU
	EndGlobalSection
	GlobalSection(ProjectConfigurationPlatforms) = postSolution
		{6CFB57EA-7896-4B5B-B1D2-DAA154BDBB16}.Debug|Any CPU.ActiveCfg = Debug|Any CPU
		{6CFB57EA-7896-4B5B-B1D2-DAA154BDBB16}.Debug|Any CPU.Build.0 = Debug|Any CPU
		{6CFB57EA-7896-4B5B-B1D2-DAA154BDBB16}.Release|Any CPU.ActiveCfg = Release|Any CPU
		{6CFB57EA-7896-4B5B-B1D2-DAA154BDBB16}.Release|Any CPU.Build.0 = Release|Any CPU
		{A1200655-06D4-4720-953B-86097FDC5C46}.Debug|Any CPU.ActiveCfg = Debug|Any CPU
		{A1200655-06D4-4720-953B-86097FDC5C46}.Debug|Any CPU.Build.0 = Debug|Any CPU
		{A1200655-06D4-4720-953B-86097FDC5C46}.Release|Any CPU.ActiveCfg = Release|Any CPU
		{A1200655-06D4-4720-953B-86097FDC5C46}.Release|Any CPU.Build.0 = Release|Any CPU
		{92561C78-437E-45D1-89F1-B32932A3A3C6}.Debug|Any CPU.ActiveCfg = Debug|Any CPU
		{92561C78-437E-45D1-89F1-B32932A3A3C6}.Debug|Any CPU.Build.0 = Debug|Any CPU
		{92561C78-437E-45D1-89F1-B32932A3A3C6}.Release|Any CPU.ActiveCfg = Release|Any CPU
		{92561C78-437E-45D1-89F1-B32932A3A3C6}.Release|Any CPU.Build.0 = Release|Any CPU
		{D86C6D2D-8D5B-45F6-B96D-710E1997548D}.Debug|Any CPU.ActiveCfg = Debug|Any CPU
		{D86C6D2D-8D5B-45F6-B96D-710E1997548D}.Debug|Any CPU.Build.0 = Debug|Any CPU
		{D86C6D2D-8D5B-45F6-B96D-710E1997548D}.Release|Any CPU.ActiveCfg = Release|Any CPU
		{D86C6D2D-8D5B-45F6-B96D-710E1997548D}.Release|Any CPU.Build.0 = Release|Any CPU
		{55B988C3-8167-4E68-A124-43731C37E7D2}.Debug|Any CPU.ActiveCfg = Debug|Any CPU
		{55B988C3-8167-4E68-A124-43731C37E7D2}.Debug|Any CPU.Build.0 = Debug|Any CPU
		{55B988C3-8167-4E68-A124-43731C37E7D2}.Release|Any CPU.ActiveCfg = Release|Any CPU
		{55B988C3-8167-4E68-A124-43731C37E7D2}.Release|Any CPU.Build.0 = Release|Any CPU
		{DA3E740C-8613-40F7-9E35-156402C2A238}.Debug|Any CPU.ActiveCfg = Debug|Any CPU
		{DA3E740C-8613-40F7-9E35-156402C2A238}.Debug|Any CPU.Build.0 = Debug|Any CPU
		{DA3E740C-8613-40F7-9E35-156402C2A238}.Release|Any CPU.ActiveCfg = Release|Any CPU
		{DA3E740C-8613-40F7-9E35-156402C2A238}.Release|Any CPU.Build.0 = Release|Any CPU
		{638CED05-B3BD-4161-99CC-1FF5DDFA4F8F}.Debug|Any CPU.ActiveCfg = Debug|Any CPU
		{638CED05-B3BD-4161-99CC-1FF5DDFA4F8F}.Debug|Any CPU.Build.0 = Debug|Any CPU
		{638CED05-B3BD-4161-99CC-1FF5DDFA4F8F}.Release|Any CPU.ActiveCfg = Release|Any CPU
		{638CED05-B3BD-4161-99CC-1FF5DDFA4F8F}.Release|Any CPU.Build.0 = Release|Any CPU
		{6347840B-6B17-43E2-BF4D-00EA6BEFD5FF}.Debug|Any CPU.ActiveCfg = Debug|Any CPU
		{6347840B-6B17-43E2-BF4D-00EA6BEFD5FF}.Debug|Any CPU.Build.0 = Debug|Any CPU
		{6347840B-6B17-43E2-BF4D-00EA6BEFD5FF}.Release|Any CPU.ActiveCfg = Release|Any CPU
		{6347840B-6B17-43E2-BF4D-00EA6BEFD5FF}.Release|Any CPU.Build.0 = Release|Any CPU
		{BD3A756A-733C-4794-B724-0D5BC517B611}.Debug|Any CPU.ActiveCfg = Debug|Any CPU
		{BD3A756A-733C-4794-B724-0D5BC517B611}.Debug|Any CPU.Build.0 = Debug|Any CPU
		{BD3A756A-733C-4794-B724-0D5BC517B611}.Release|Any CPU.ActiveCfg = Release|Any CPU
		{BD3A756A-733C-4794-B724-0D5BC517B611}.Release|Any CPU.Build.0 = Release|Any CPU
		{402C564C-CE49-48CB-B229-408465C5F853}.Debug|Any CPU.ActiveCfg = Debug|Any CPU
		{402C564C-CE49-48CB-B229-408465C5F853}.Debug|Any CPU.Build.0 = Debug|Any CPU
		{402C564C-CE49-48CB-B229-408465C5F853}.Release|Any CPU.ActiveCfg = Release|Any CPU
		{402C564C-CE49-48CB-B229-408465C5F853}.Release|Any CPU.Build.0 = Release|Any CPU
	EndGlobalSection
	GlobalSection(SolutionProperties) = preSolution
		HideSolutionNode = FALSE
	EndGlobalSection
	GlobalSection(NestedProjects) = preSolution
		{6CFB57EA-7896-4B5B-B1D2-DAA154BDBB16} = {18A8B6CD-2094-4C11-8531-7B7FB5F45541}
		{A1200655-06D4-4720-953B-86097FDC5C46} = {02EA681E-C7D8-13C7-8484-4AC65E1B71E8}
		{92561C78-437E-45D1-89F1-B32932A3A3C6} = {18A8B6CD-2094-4C11-8531-7B7FB5F45541}
		{D86C6D2D-8D5B-45F6-B96D-710E1997548D} = {18A8B6CD-2094-4C11-8531-7B7FB5F45541}
		{55B988C3-8167-4E68-A124-43731C37E7D2} = {18A8B6CD-2094-4C11-8531-7B7FB5F45541}
		{DA3E740C-8613-40F7-9E35-156402C2A238} = {7096B6F3-554B-484D-82FF-002869C4A9D3}
		{638CED05-B3BD-4161-99CC-1FF5DDFA4F8F} = {18A8B6CD-2094-4C11-8531-7B7FB5F45541}
		{6347840B-6B17-43E2-BF4D-00EA6BEFD5FF} = {18A8B6CD-2094-4C11-8531-7B7FB5F45541}
		{BD3A756A-733C-4794-B724-0D5BC517B611} = {18A8B6CD-2094-4C11-8531-7B7FB5F45541}
		{402C564C-CE49-48CB-B229-408465C5F853} = {329F666D-A21E-4632-A6F6-BB35DB4AE296}
	EndGlobalSection
	GlobalSection(ExtensibilityGlobals) = postSolution
		SolutionGuid = {B2D3F717-8216-45EF-99E3-35B789FDAEE1}
	EndGlobalSection
EndGlobal
